{
    "_meta": {
        "hash": {
            "sha256": "eb7872224fc705e6bd5f3920c076990784184375f27ba7abdd01bd3b11ea70ab"
        },
        "pipfile-spec": 6,
        "requires": {
            "python_version": "3.9"
        },
        "sources": [
            {
                "name": "pypi",
                "url": "https://pypi.org/simple",
                "verify_ssl": true
            }
        ]
    },
    "default": {
        "attrs": {
            "hashes": [
                "sha256:31b2eced602aa8423c2aea9c76a724617ed67cf9513173fd3a4f03e3a929c7e6",
                "sha256:832aa3cde19744e49938b91fea06d69ecb9e649c93ba974535d08ad92164f700"
            ],
            "markers": "python_version >= '2.7' and python_version not in '3.0, 3.1, 3.2, 3.3'",
            "version": "==20.3.0"
        },
        "aws-cdk-aws-events-targets": {
            "hashes": [
                "sha256:3920143b147aa38a3d58ae9688d83d956da5c398a261228066b70fae97530596",
                "sha256:ff92824e7ff15a633b8ad4af9a81bef964d3e6d8fe9511ade7257b367003646f"
            ],
            "index": "pypi",
            "version": "==1.79.0"
        },
        "aws-cdk-aws-lambda": {
            "hashes": [
                "sha256:b73d399d049d6ab0b8c974dec67f47684f2bba69cf28283afe8b52f95e101093",
                "sha256:df879f66e4f8f1693ce85c3ac1e32a5e4ad3bc2e5a018135355cdff94a35c4d2"
            ],
            "index": "pypi",
            "version": "==1.79.0"
        },
        "aws-cdk-aws-stepfunctions": {
            "hashes": [
                "sha256:0b0cc8b9316f72e0f9ff30484c47f147cc777b9dcab4d3bbe989088e7f0ca0f8",
                "sha256:c5de6686cdf838b6d2f29ba8051a545d411acdc9dc63a88d38fc5e5760d10337"
            ],
            "index": "pypi",
            "version": "==1.79.0"
        },
        "aws-cdk-aws-stepfunctions-tasks": {
            "hashes": [
                "sha256:91ed5936ecd488d8eef3011ccfbe6f4d2fdb74d9719c6b1271dd65eed9c47775",
                "sha256:b4dd03439bb643ffa5b922849ec968d4fc6f9db16d32f1ef5d92dbd656359f18"
            ],
            "index": "pypi",
            "version": "==1.79.0"
        },
        "aws-cdk-core": {
            "hashes": [
                "sha256:1de07c8d1bc12f20dee1364e299305e3e4e998e38552ddc3b9330a52427a4a34",
                "sha256:21edcad5f241ea70cb3e86e85f76287477fd208cd489a127462c2902ae7917a6"
            ],
            "index": "pypi",
            "version": "==1.79.0"
        },
        "aws-cdk.assets": {
            "hashes": [
                "sha256:b94161c339216263fab02ed86444baa1357dc49b9cabffe8213f72de757d6114",
                "sha256:d0582bc837fe5003b43e3c7bd7fa5605cf34ab53598e881bec79c0f741f88035"
            ],
            "markers": "python_version >= '3.6'",
            "version": "==1.79.0"
        },
        "aws-cdk.aws-apigateway": {
            "hashes": [
                "sha256:796bc6c26da8d0ce13b61e9391014a97c97d0710b8a5cc6f7d7f8f69496f9792",
                "sha256:825d3f8ea706abe77f8c81893b90a4c9e5914a70f6f30e97d60006a2f751825f"
            ],
            "markers": "python_version >= '3.6'",
            "version": "==1.79.0"
        },
        "aws-cdk.aws-apigatewayv2": {
            "hashes": [
                "sha256:12aa50f7ac23522077546871e0136fc92c9dd069f2c92c2cd7cf552f84ec45d3",
                "sha256:d6e49b5e559baf6ac247a63fd1a4927345d6d4fd7ab26fbae27851969c646a9e"
            ],
            "markers": "python_version >= '3.6'",
            "version": "==1.79.0"
        },
        "aws-cdk.aws-applicationautoscaling": {
            "hashes": [
                "sha256:8196b7942cb7aee3aa2d864110459b11f0db865bff638653e24f01caf6912399",
                "sha256:a691021ec4ff68ffe94bf573da2fe26ab0b37e8b478b975ef4d35ecb5bd3bac0"
            ],
            "markers": "python_version >= '3.6'",
            "version": "==1.79.0"
        },
        "aws-cdk.aws-athena": {
            "hashes": [
                "sha256:3686c0a1c6d5164f7677919799b5b3211f6faf2c4e92884432c050fc4d533fcc",
                "sha256:cf61ce75a3a05229050b89dfdede590eafb7344d6bd5348107dc76d263cbd78b"
            ],
            "index": "pypi",
            "version": "==1.79.0"
        },
        "aws-cdk.aws-autoscaling": {
            "hashes": [
                "sha256:752de9e4b892c62585b59229a7dd433f7bcf992c49f9b5102600ea5a3d611684",
                "sha256:f88d83483358cbb16b2e5fa7fb62d93029d37973784e9dafec93b266f1d9d04f"
            ],
            "markers": "python_version >= '3.6'",
            "version": "==1.79.0"
        },
        "aws-cdk.aws-autoscaling-common": {
            "hashes": [
                "sha256:5dfd6f835db7d1541df0c1d3d62a3b518d226f28ec4ec41d3ac04ccf62c08fa8",
                "sha256:c96e7ae0175dab38b598cb37a472a0fec489bdf48c614fa72d0cd4c281ec4475"
            ],
            "markers": "python_version >= '3.6'",
            "version": "==1.79.0"
        },
        "aws-cdk.aws-autoscaling-hooktargets": {
            "hashes": [
                "sha256:657b2a5c5e9191bf58f1b2bd640e07ec2fd736b2e08d118c8c54b96fd07f5e0d",
                "sha256:ed89c0c5e2ac1cc37c3757c33ec4fb7a0025b2778cf9e010b673781171691963"
            ],
            "markers": "python_version >= '3.6'",
            "version": "==1.79.0"
        },
        "aws-cdk.aws-batch": {
            "hashes": [
                "sha256:195371bbce33f56e8accd8098552ff83a2dff5eab2a00db3d325a99858fbb76b",
                "sha256:24b68549b69d6c88847c18e482453f1a52ea2f58f4ccc87308d1d510cc22f49c"
            ],
            "index": "pypi",
            "version": "==1.79.0"
        },
        "aws-cdk.aws-certificatemanager": {
            "hashes": [
                "sha256:589022d542ca1dc4d97aa45d95b41cdbcbdf4de09e4669aa6299dfef517f4557",
                "sha256:eb49869ce19103574c23963d265af497c521e939a2d30fc75d37466cee3a42f9"
            ],
            "markers": "python_version >= '3.6'",
            "version": "==1.79.0"
        },
        "aws-cdk.aws-cloudformation": {
            "hashes": [
                "sha256:a0e11e3d53d29e7ddfa97be66d1ae39c5bea417d2e99a72d24f3d591182b660c",
                "sha256:e0b5e0615d4052a1562c2f75763510f9e951443ed83fdcde41b0ba6caf75800f"
            ],
            "markers": "python_version >= '3.6'",
            "version": "==1.79.0"
        },
        "aws-cdk.aws-cloudfront": {
            "hashes": [
                "sha256:123dc13ac96a292116c1fb3418d48a254ec6eea58843b30cdb7b38d3115701f1",
                "sha256:b2782639f58c02936b26e2b594f15de1a19b16d7f1a7641cb126fa75874b8ed4"
            ],
            "markers": "python_version >= '3.6'",
            "version": "==1.79.0"
        },
        "aws-cdk.aws-cloudfront-origins": {
            "hashes": [
                "sha256:77fdf861a31daefefa82feceaf513a1475d27ad7376e50553319b8cfd9a26d3a",
                "sha256:a3939bbcf454d7e8b8b466798c35e7e5730497c777f72d64f5b0475ce1d9047b"
            ],
            "index": "pypi",
            "version": "==1.79.0"
        },
        "aws-cdk.aws-cloudwatch": {
            "hashes": [
                "sha256:c7f30bd4f703aac409d16b6659674e1114cb4db39c2d011529e1279b8b83f9ef",
                "sha256:dd9b6a409af776d6cdc6b81735b43ec99c658dd13b908fa76946e23cf867fed3"
            ],
            "markers": "python_version >= '3.6'",
            "version": "==1.79.0"
        },
        "aws-cdk.aws-codebuild": {
            "hashes": [
                "sha256:47e0e8583821dce960c50d3baa7f07c7b08c318c40152728af2341edf6409937",
                "sha256:920cd21e4b513c0570deb52e8f618b198763deca2bf86733a0b10975c963d653"
            ],
            "markers": "python_version >= '3.6'",
            "version": "==1.79.0"
        },
        "aws-cdk.aws-codecommit": {
            "hashes": [
                "sha256:90e0b27fa17f8390596dee8d7cf6c816a4791b2d5fb79f55d81bbc026eeaf4b5",
                "sha256:cac3dd570863e247109b2e4ee928d2e708d0e8d4535079440978919b7af2c4a8"
            ],
            "markers": "python_version >= '3.6'",
            "version": "==1.79.0"
        },
        "aws-cdk.aws-codeguruprofiler": {
            "hashes": [
                "sha256:41972cd4126e827a5a953e1fd912f11a9806e0794a2ba9d3449c42f520989677",
                "sha256:4d085db8e63386172f6a21c1cef1034a9c314b1a01847bd1ce5235f01e8b67ec"
            ],
            "markers": "python_version >= '3.6'",
            "version": "==1.79.0"
        },
        "aws-cdk.aws-codepipeline": {
            "hashes": [
                "sha256:238b66b812180ba1594190312e15ba253ffd2f46586d73c40d68038c8a050211",
                "sha256:de3f8c601b0b635545e4aaf5b9fb71fbd51b526a3005be2bb40d372e1adb7c78"
            ],
            "markers": "python_version >= '3.6'",
            "version": "==1.79.0"
        },
        "aws-cdk.aws-cognito": {
            "hashes": [
                "sha256:2ecc645bddcfc6291165e4645ddd599f6e791ff93124e73a9b09056a6cf401a5",
                "sha256:7ffb58652070c6d29caa9bd88ae2609e9afe6147f472ef808b96ac4f5c713dab"
            ],
            "markers": "python_version >= '3.6'",
            "version": "==1.79.0"
        },
        "aws-cdk.aws-dynamodb": {
            "hashes": [
                "sha256:536cb213384baf7350b1de3703bb431e278d4774eab23431e7aede472ed1f45e",
                "sha256:6729ce7c82e04b3341841db380fdd770fc72840320038987928fa7a9b6a35e6b"
            ],
            "markers": "python_version >= '3.6'",
            "version": "==1.79.0"
        },
        "aws-cdk.aws-ec2": {
            "hashes": [
                "sha256:58f3e58a68a7651fe99835a400a4cf43b2ed53bc25a1c672b36a0ff5cd5d4068",
                "sha256:6207619776719e8f8771c8e799cc6e062b2966db8a4f28850820548fe4c70303"
            ],
            "index": "pypi",
            "version": "==1.79.0"
        },
        "aws-cdk.aws-ecr": {
            "hashes": [
                "sha256:8096f90e61464231445f0cf11379581d879f00c855aa0bb8188ded2858dca6d6",
                "sha256:972a272e5fbfe5f583641ebbc12095d5b73df97e37bf26ea42d5648bf51482b9"
            ],
            "index": "pypi",
            "version": "==1.79.0"
        },
        "aws-cdk.aws-ecr-assets": {
            "hashes": [
                "sha256:3cea3b8a618a8116cbc0e17bd089fa5128ea426eca391c90f715f1ec46f419d7",
                "sha256:82827661e29d61aff2ae60dc5360b938c675a888752ed31a4c6a76aa1be2376e"
            ],
            "markers": "python_version >= '3.6'",
            "version": "==1.79.0"
        },
        "aws-cdk.aws-ecs": {
            "hashes": [
                "sha256:089f0f3a743fc81617737c660b1fb53c25a92c30ea5cb8a703525ddc48eaf820",
                "sha256:4de0915949899e1cd8b7241453717285afd453290dce80098dfdc1e7e9b99cfe"
            ],
            "markers": "python_version >= '3.6'",
            "version": "==1.79.0"
        },
        "aws-cdk.aws-efs": {
            "hashes": [
                "sha256:62f6b067f13a45ed7dd780023b942e202d0dac05887e0b04eb59c1bcfaac21e4",
                "sha256:6ecfe1c3214c4a52ad7ec5ac35786691f5b4b4ebfee00a908917ff089c29e897"
            ],
            "markers": "python_version >= '3.6'",
            "version": "==1.79.0"
        },
        "aws-cdk.aws-elasticloadbalancing": {
            "hashes": [
                "sha256:0e08696f589856360c6e1fbb42a883eeecd18e854680f195b649cec449e67989",
                "sha256:6e0f1cc7c27a1aedf0c4db78f60baf36dee1cd4baea320e0145c72cfde1e68e2"
            ],
            "markers": "python_version >= '3.6'",
            "version": "==1.79.0"
        },
        "aws-cdk.aws-elasticloadbalancingv2": {
            "hashes": [
                "sha256:7868459f068d490a7d412a4ade363b882409323b374e08d42d4a29ec6b89f64c",
                "sha256:f551355f21b421cae194b6baac15114a050d54b3021ac79d227f59afb470c2ba"
            ],
            "markers": "python_version >= '3.6'",
            "version": "==1.79.0"
        },
        "aws-cdk.aws-events": {
            "hashes": [
                "sha256:2244010f08b86bfa110f9d5f082eb56da9d7a886e4e7618c339f07181fc231c2",
                "sha256:d6317f806f0870e91ad8a3777e1c7a1ddc316238bcc90259553a3e02f31d5c38"
            ],
            "markers": "python_version >= '3.6'",
            "version": "==1.79.0"
        },
        "aws-cdk.aws-glue": {
            "hashes": [
                "sha256:3bd20cd7fff387f83c2f07c83eb7894040347c3d48ad1e838de1ba030bf4be6a",
                "sha256:d7442de2b8dfed07dffc07e916d1c7462f8c81f7a80b047b0a87fa2db1511eca"
            ],
            "index": "pypi",
            "version": "==1.79.0"
        },
        "aws-cdk.aws-iam": {
            "hashes": [
                "sha256:9297c001ca2e3c263d931cdd660f73cca21bcd7c717bc88f5d852d8f95f2af9d",
                "sha256:d656d9f4c0ace6112ec04012778b072100642270c9a5c66abef40b9b42638e86"
            ],
            "markers": "python_version >= '3.6'",
            "version": "==1.79.0"
        },
        "aws-cdk.aws-kinesis": {
            "hashes": [
                "sha256:50fd483939526396262be1c29d898ce20f1c0c23ec54069f4cd65d247111cd39",
                "sha256:6a2c4ae6f1af9ed8db965accf27a8c8d0468618aa84a8088fdf8b8497da0a287"
            ],
            "markers": "python_version >= '3.6'",
            "version": "==1.79.0"
        },
        "aws-cdk.aws-kinesisfirehose": {
            "hashes": [
                "sha256:02e26baaf405a6777aca875ea677eeef44c0e32680347ae351d5482e08d77de7",
                "sha256:7acc20919e1db21f4123b721e7b1a36b22f52da91768bfa62c59f7d19c4ceca0"
            ],
            "markers": "python_version >= '3.6'",
            "version": "==1.79.0"
        },
        "aws-cdk.aws-kms": {
            "hashes": [
                "sha256:3caed4f5f92588708aaa9b6a5710d8abb783be801cd6f6644bdf9a832a841abd",
                "sha256:421fee512051f9fca2e4678a722ab4b77bc6cc9cd3b4fcdb945b9408ee03ab4b"
            ],
            "markers": "python_version >= '3.6'",
            "version": "==1.79.0"
        },
        "aws-cdk.aws-lambda": {
            "hashes": [
                "sha256:b73d399d049d6ab0b8c974dec67f47684f2bba69cf28283afe8b52f95e101093",
                "sha256:df879f66e4f8f1693ce85c3ac1e32a5e4ad3bc2e5a018135355cdff94a35c4d2"
            ],
            "index": "pypi",
            "markers": "python_version >= '3.6'",
            "version": "==1.79.0"
        },
        "aws-cdk.aws-logs": {
            "hashes": [
                "sha256:5b0afe57853af745e861e06905707451201bcd75f028753286819a5357a79c61",
                "sha256:5f6888931237eddc0d9b5d8587ef8a4ac8fc5f1f5cd7d7e0046cdc9b89dd5292"
            ],
            "markers": "python_version >= '3.6'",
            "version": "==1.79.0"
        },
        "aws-cdk.aws-route53": {
            "hashes": [
                "sha256:f1e958d0261a612a0d0ef6c4ea5c2db97f55c7fe7689edfd294985ce0cf5e28f",
                "sha256:fa8861973c522454f90e86e79f1d71a41d275948d0f0ef97f1f3739bea6f17f6"
            ],
            "markers": "python_version >= '3.6'",
            "version": "==1.79.0"
        },
        "aws-cdk.aws-route53-targets": {
            "hashes": [
                "sha256:1575202638272afc01697501f2270d6625ec2a30398fa329c94e732d84c24e48",
                "sha256:2c26728fd9be7000e0eaafbb76a81e6aa36957a04afc3822d31864faad9af08f"
            ],
            "markers": "python_version >= '3.6'",
            "version": "==1.79.0"
        },
        "aws-cdk.aws-s3": {
            "hashes": [
                "sha256:115e7b5bccf46570af07384d4f5378a213cca9c84b71953678f7a4ea73d66864",
                "sha256:50fa6b7553fbc2d7f1117d3ec2a07e35095249c87f2c534e01c60cb7468b79f7"
            ],
            "markers": "python_version >= '3.6'",
            "version": "==1.79.0"
        },
        "aws-cdk.aws-s3-assets": {
            "hashes": [
                "sha256:d66ce437f894fc3f88ad2b8823d3bf27f6521fcbcb296ccb9d1e8ca7daa870b1",
                "sha256:d8adb414790a3feafebb6b899ac88bdc2d3674d2ecba24d686d1bea505d308b2"
            ],
            "markers": "python_version >= '3.6'",
            "version": "==1.79.0"
        },
        "aws-cdk.aws-s3-deployment": {
            "hashes": [
                "sha256:2da0f9a4dbd9a2a328c307710e8f400ddcad507183d84c07f68efa7e090b4ec9",
                "sha256:8b7dc772424063c08012c12013acfcd04f8b8f5deb2cc266ef63e065d65221c6"
            ],
            "index": "pypi",
            "version": "==1.79.0"
        },
        "aws-cdk.aws-sam": {
            "hashes": [
                "sha256:5735a38f0b718895a629f2adb00ec6a089cf600a4add9b33a10099e1ad5a2ec3",
                "sha256:67eed0c741ff0856358db97a6a32db12c81c5dee534d3e25690a322633d951d5"
            ],
            "markers": "python_version >= '3.6'",
            "version": "==1.79.0"
        },
        "aws-cdk.aws-secretsmanager": {
            "hashes": [
                "sha256:0bb34d1b80c121ceda36e2de60fd0c7743deff34165f1bdf7cf3bd058da91f3b",
                "sha256:774db1f8bdeb146e603ef49ec9cf9264cce811b12bc7243215e9055c3bc63eb4"
            ],
            "markers": "python_version >= '3.6'",
            "version": "==1.79.0"
        },
        "aws-cdk.aws-servicediscovery": {
            "hashes": [
                "sha256:b4c106dac25718382b03e04dd997d7f50957d8e11db188eaf0a9440edfea9ad4",
                "sha256:fe3de2f9e6f9cbdbaf5f95e5f23c18ae8f0d80f72fa8b3c1470ddc85373f3f9d"
            ],
            "markers": "python_version >= '3.6'",
            "version": "==1.79.0"
        },
        "aws-cdk.aws-sns": {
            "hashes": [
                "sha256:4ef3bb7a27e2a7415ba4f7b476ad3b52a713b3759982ad274816b48303cd1d2d",
                "sha256:fdaa909af0b251a5c6b6b57dc38ed61b9df093610ceb60439b7ae2f918f69143"
            ],
            "markers": "python_version >= '3.6'",
            "version": "==1.79.0"
        },
        "aws-cdk.aws-sns-subscriptions": {
            "hashes": [
                "sha256:656d64ccfdd6a843f539d5129119e9edab989cce6a086101e9a7badd9f7d5ee1",
                "sha256:ec7715b3f2086141d8b68dc6631bc309e5edaaa9cdb49d0a35b8224ba4f01dd3"
            ],
            "markers": "python_version >= '3.6'",
            "version": "==1.79.0"
        },
        "aws-cdk.aws-sqs": {
            "hashes": [
                "sha256:492f4768c4fb945481f6f11b41d4ef3e0435c5a64b63be1a44886d41b444b0d1",
                "sha256:55d326fb2329ef9b0cfce65e659319efcaa12dc8dcc3398d80e443830e9a710a"
            ],
            "markers": "python_version >= '3.6'",
            "version": "==1.79.0"
        },
        "aws-cdk.aws-ssm": {
            "hashes": [
                "sha256:51808f891f36a40996dc2ca52d68567818c508ee9f42b5769aef4136184aad0e",
                "sha256:e4cda0f7c1f78482a8db0e8dffcd1ad37da29f7cdb04028a95b624703e2fd784"
            ],
            "markers": "python_version >= '3.6'",
            "version": "==1.79.0"
        },
        "aws-cdk.aws-stepfunctions": {
            "hashes": [
                "sha256:0b0cc8b9316f72e0f9ff30484c47f147cc777b9dcab4d3bbe989088e7f0ca0f8",
                "sha256:c5de6686cdf838b6d2f29ba8051a545d411acdc9dc63a88d38fc5e5760d10337"
            ],
            "index": "pypi",
            "markers": "python_version >= '3.6'",
            "version": "==1.79.0"
        },
        "aws-cdk.aws-wafv2": {
            "hashes": [
                "sha256:bbf7567cdc873b9ca3d4c9fcbcf408f03fcf7dd3c1e83f55919dabd139edcbc8",
                "sha256:ee78853bd520bfd6f92fe53d235dcd5ae14ed5498fff17e7632bb3065caf5957"
            ],
            "index": "pypi",
            "version": "==1.79.0"
        },
        "aws-cdk.cloud-assembly-schema": {
            "hashes": [
                "sha256:63150a120e7de87081c45367bc62fd26e45dac204abc7127f9f317e1aef1c567",
                "sha256:a5e98a6aa612a47d6bdcb18b9c4724176de4faaa18be09be97af7ffce7e114ca"
            ],
            "markers": "python_version >= '3.6'",
            "version": "==1.79.0"
        },
        "aws-cdk.core": {
            "hashes": [
                "sha256:1de07c8d1bc12f20dee1364e299305e3e4e998e38552ddc3b9330a52427a4a34",
                "sha256:21edcad5f241ea70cb3e86e85f76287477fd208cd489a127462c2902ae7917a6"
            ],
            "index": "pypi",
            "markers": "python_version >= '3.6'",
            "version": "==1.79.0"
        },
        "aws-cdk.custom-resources": {
            "hashes": [
                "sha256:9242940d56d0971344ddaf766d451447e68f66511c42a4b120c0da5659b29b47",
                "sha256:bad90464d1581f25c9bf7d2931e689d78ec5d5c0d3488c96f32a0b502c140f47"
            ],
            "markers": "python_version >= '3.6'",
            "version": "==1.79.0"
        },
        "aws-cdk.cx-api": {
            "hashes": [
                "sha256:4fc80607c9a378e77f77d6d6854a74c545796f99a46edcae6f65e4d99c0d3d6a",
                "sha256:90817db0a98f80774cbe436577e794976d1ada358ae05975b9ba9ba0fe1b6d9f"
            ],
            "markers": "python_version >= '3.6'",
            "version": "==1.79.0"
        },
        "aws-cdk.region-info": {
            "hashes": [
                "sha256:7d3c025ca0c4233cbc6c5278a77cebd886491b58c37241ffd74ebc15922f0d8d",
                "sha256:c3aa662820c59803d24956a5421c807fa386f81d173652685cc9d3255c9a99b9"
            ],
            "markers": "python_version >= '3.6'",
            "version": "==1.79.0"
        },
        "boto3": {
            "hashes": [
                "sha256:75326882aa68e003452dcd8f0fcee0339ff63624115927fb71a6b5d15535ace5",
                "sha256:bbe380ee554cfc998528320578ca2ec152aea3243dd8e82119bc644deb49ec6b"
            ],
            "index": "pypi",
            "version": "==1.16.40"
        },
        "botocore": {
            "hashes": [
                "sha256:bb0e4cc5e364785ff8fc380d74ad57dec9857a4093608633616d0acfe84caadc",
                "sha256:ebfa880ac8cb8132dc6657902bf546f52cf2c43278570f60c8f8a0f894556555"
            ],
            "version": "==1.19.40"
        },
        "cattrs": {
            "hashes": [
                "sha256:967ce8f99b79f112a500fc03d02c4da669966055ea190b0c59a023af0ae33e5f",
                "sha256:a5873cd4745a74388557730247b4bb005d762f8aba0ab7aa55bcbd190bdf3322"
            ],
            "markers": "python_version >= '3.7'",
            "version": "==1.1.2"
        },
        "constructs": {
            "hashes": [
                "sha256:898ed1435bf72d876195c2b0bcb1f5bdfd011dc93c08fcb87b2421adfee95e35",
                "sha256:cb3bc9342fed5a0dc8319fe40d8c3a556cc6643219efdb276762dfa503919bb4"
            ],
            "markers": "python_version >= '3.6'",
            "version": "==3.2.74"
        },
        "jmespath": {
            "hashes": [
                "sha256:b85d0567b8666149a93172712e68920734333c0ce7e89b78b3e987f71e5ed4f9",
                "sha256:cdf6525904cc597730141d61b36f2e4b8ecc257c420fa2f4549bac2c2d0cb72f"
            ],
            "markers": "python_version >= '2.6' and python_version not in '3.0, 3.1, 3.2, 3.3'",
            "version": "==0.10.0"
        },
        "jsii": {
            "hashes": [
                "sha256:afbd9905f6ddd0b53a07f085767e18619eb6ccf917663b6e69d5a93aaf927825",
                "sha256:c7bb8e7925498a27e677753514751c4e7934886327097e94151766160511620a"
            ],
            "markers": "python_version ~= '3.6'",
            "version": "==1.16.0"
        },
        "publication": {
            "hashes": [
                "sha256:0248885351febc11d8a1098d5c8e3ab2dabcf3e8c0c96db1e17ecd12b53afbe6",
                "sha256:68416a0de76dddcdd2930d1c8ef853a743cc96c82416c4e4d3b5d901c6276dc4"
            ],
            "version": "==0.0.3"
        },
        "python-dateutil": {
            "hashes": [
                "sha256:73ebfe9dbf22e832286dafa60473e4cd239f8592f699aa5adaf10050e6e1823c",
                "sha256:75bb3f31ea686f1197762692a9ee6a7550b59fc6ca3a1f4b5d7e32fb98e2da2a"
            ],
            "markers": "python_version >= '2.7' and python_version not in '3.0, 3.1, 3.2, 3.3'",
            "version": "==2.8.1"
        },
        "s3transfer": {
            "hashes": [
                "sha256:2482b4259524933a022d59da830f51bd746db62f047d6eb213f2f8855dcb8a13",
                "sha256:921a37e2aefc64145e7b73d50c71bb4f26f46e4c9f414dc648c6245ff92cf7db"
            ],
            "version": "==0.3.3"
        },
        "six": {
            "hashes": [
                "sha256:30639c035cdb23534cd4aa2dd52c3bf48f06e5f4a941509c8bafd8ce11080259",
                "sha256:8b74bedcbbbaca38ff6d7491d76f2b06b3592611af620f8426e82dddb04a5ced"
            ],
            "markers": "python_version >= '2.7' and python_version not in '3.0, 3.1, 3.2, 3.3'",
            "version": "==1.15.0"
        },
        "typing-extensions": {
            "hashes": [
                "sha256:7cb407020f00f7bfc3cb3e7881628838e69d8f3fcab2f64742a5e76b2f841918",
                "sha256:99d4073b617d30288f569d3f13d2bd7548c3a7e4c8de87db09a9d29bb3a4a60c",
                "sha256:dafc7639cde7f1b6e1acc0f457842a83e722ccca8eef5270af2d74792619a89f"
            ],
            "version": "==3.7.4.3"
        },
        "urllib3": {
            "hashes": [
                "sha256:19188f96923873c92ccb987120ec4acaa12f0461fa9ce5d3d0772bc965a39e08",
                "sha256:d8ff90d979214d7b4f8ce956e80f4028fc6860e4431f731ea4a8c08f23f99473"
            ],
            "markers": "python_version != '3.4'",
            "version": "==1.26.2"
        },
        "watchtower": {
            "hashes": [
                "sha256:2c25884f4c2387f57e26c4c44423d80ca24f6c1f0b71792cf99e515f65a46aca",
                "sha256:f662de408e6f3945ad2bf9b9ac96681430ff19606e6522f9754c527f0a40b003"
            ],
            "index": "pypi",
            "version": "==1.0.0"
        }
    },
    "develop": {}
}
