{
    "_meta": {
        "hash": {
            "sha256": "d1cfce6f78e36d3b375088aadc188dea0efa09d5d5bdb766e3b197b76974a557"
        },
        "pipfile-spec": 6,
        "requires": {
            "python_version": "3.9"
        },
        "sources": [
            {
                "name": "pypi",
                "url": "https://pypi.org/simple",
                "verify_ssl": true
            }
        ]
    },
    "default": {
        "attrs": {
            "hashes": [
                "sha256:31b2eced602aa8423c2aea9c76a724617ed67cf9513173fd3a4f03e3a929c7e6",
                "sha256:832aa3cde19744e49938b91fea06d69ecb9e649c93ba974535d08ad92164f700"
            ],
            "markers": "python_version >= '2.7' and python_version not in '3.0, 3.1, 3.2, 3.3'",
            "version": "==20.3.0"
        },
        "aws-cdk-aws-events-targets": {
            "hashes": [
                "sha256:0de9e1fdef4c9d2fcbfc0759f37accbe60c5efce794bdded8a706689406444f9",
                "sha256:fea270fc368f20b1f6e90986165856a289faf6d7a380b4a163c3a942832bf22b"
            ],
            "index": "pypi",
            "version": "==1.86.0"
        },
        "aws-cdk-aws-lambda": {
            "hashes": [
                "sha256:526938c7193073bbd2230b7ea038284146c9fb8abcccae7500ea4a5a55622109",
                "sha256:5ababf0a24e07656701c729ed26f16779180e884e0023b0ad666cb7f0e06e702"
            ],
            "index": "pypi",
            "version": "==1.86.0"
        },
        "aws-cdk-aws-stepfunctions": {
            "hashes": [
                "sha256:280a43513f7507a1166ae1878cadb5d1435f3dbde03e42bc92c164409756d43e",
                "sha256:36c3d32e80780be5b619887371e4028e57ac7f1a14df33bdda91481659e0d7bf"
            ],
            "index": "pypi",
            "version": "==1.86.0"
        },
        "aws-cdk-aws-stepfunctions-tasks": {
            "hashes": [
                "sha256:0ba742f15f4d250e5ffb5c64c2b84e0508d082ecfc804ef06716986822dbeeea",
                "sha256:91ab7bffc96ac60fe37e922a7b5c37c17698d88d5dc0a41b4b18374666a8eff7"
            ],
            "index": "pypi",
            "version": "==1.86.0"
        },
        "aws-cdk-core": {
            "hashes": [
                "sha256:975839fef43d1ecd3324e839b3c05f6ff838d8b7872a85c39bf9b50592c4bb3b",
                "sha256:d27d69f132d2082cefa17f36810d22576d71511c4ca9801b98a430217832e7ee"
            ],
            "index": "pypi",
            "version": "==1.86.0"
        },
        "aws-cdk.assets": {
            "hashes": [
                "sha256:52c1ff37d06e0638516cf7ff0add3b44ac8e9684b765e6d0b5c058e902eb1695",
                "sha256:8db4abcfd107f9dd2c1d3228ccfd39ed9198d676984d77c433a90565b57faeac"
            ],
            "markers": "python_version >= '3.6'",
            "version": "==1.86.0"
        },
        "aws-cdk.aws-apigateway": {
            "hashes": [
                "sha256:c7678caeddd5caaf747ed675971dc333950afa92dbe327c8049de37e790c0c68",
                "sha256:c9edd950eb549cfa6488e79fed5ba16462488eb457ad946b9e97ea170f09a8c7"
            ],
            "markers": "python_version >= '3.6'",
            "version": "==1.86.0"
        },
        "aws-cdk.aws-apigatewayv2": {
            "hashes": [
                "sha256:4aab1eb6af080b04b11a2fb66d0661912a70a84e3a92157618fd9d56cbb196bb",
                "sha256:61a14d227a1f68d2fb9c44fc883cfc889ee1358f7b1e0ea0c84c856712639bf5"
            ],
            "markers": "python_version >= '3.6'",
            "version": "==1.86.0"
        },
        "aws-cdk.aws-applicationautoscaling": {
            "hashes": [
                "sha256:10441bfcf95aecb73588fdc50039903c0db1f7902299b8958d0a325f4f4ec1a9",
                "sha256:a04e3f131871e8b8422afdf3fc959221e4e69bac8d535b1dd43dd8b92be36e2e"
            ],
            "markers": "python_version >= '3.6'",
            "version": "==1.86.0"
        },
        "aws-cdk.aws-athena": {
            "hashes": [
                "sha256:4b7672cd738e967fcb5713999ed3cc1fb2031a6c66b43b1b7478d3768c9f5439",
                "sha256:ed9b803fb961450b80663e55a2be72e5e197fbaf5459d72bd5e34e44e65f996e"
            ],
            "index": "pypi",
            "version": "==1.86.0"
        },
        "aws-cdk.aws-autoscaling": {
            "hashes": [
                "sha256:56f9d16a297981b1f453427e13125880d8c8d5edccc083f2d21c088a8e4781a0",
                "sha256:e36b1eb041325720e4cb9cfbc396222c1c3d0bd12662c8128917816a36e5560e"
            ],
            "markers": "python_version >= '3.6'",
            "version": "==1.86.0"
        },
        "aws-cdk.aws-autoscaling-common": {
            "hashes": [
                "sha256:3c422407f0988fedeff9de8cc0cc26da6c3f447bca1f6c0fa7bbfbae8973e451",
                "sha256:9d361340e420133a133e856c2a3ef98ce45516b646501566e7c174ccf9fb10b2"
            ],
            "markers": "python_version >= '3.6'",
            "version": "==1.86.0"
        },
        "aws-cdk.aws-autoscaling-hooktargets": {
            "hashes": [
                "sha256:0e63ded16eaa32d233e32e916e864b980432ca7d793ec912e74b7b901a40668d",
                "sha256:82f91f5e83b1a98ebc7a2d63fac933ec62528a95d6dd99b6d10fd2ce05ad9f84"
            ],
            "markers": "python_version >= '3.6'",
            "version": "==1.86.0"
        },
        "aws-cdk.aws-batch": {
            "hashes": [
                "sha256:72b80922694f831e772f219b5c7bab4b66020a599c75b626f8670b7cdb014820",
                "sha256:e99764eff8deb28e4571605af0772b253734c9d1e614a31c560898c358fad292"
            ],
            "index": "pypi",
            "version": "==1.86.0"
        },
        "aws-cdk.aws-certificatemanager": {
            "hashes": [
                "sha256:00a07b01dee226e410591c9679d9a3f7b1332238ef14a3813b35e5a57909403e",
                "sha256:a41b4ebe2099cde18fea3663ab22de66bbbc550a779baad5eb9dec3727d4da07"
            ],
            "markers": "python_version >= '3.6'",
            "version": "==1.86.0"
        },
        "aws-cdk.aws-cloudformation": {
            "hashes": [
                "sha256:3d50b82d6f09e2c09ed09b858263c3162b51db090719a8236c7f4f36787fce6e",
                "sha256:69afeed308524d1412ed503acda41313122f4a60e5d33275ccd465082d18f62f"
            ],
            "markers": "python_version >= '3.6'",
            "version": "==1.86.0"
        },
        "aws-cdk.aws-cloudfront": {
            "hashes": [
                "sha256:3a7a0a005ae75e1a9aa61404e1dea690b306b5f4425d8379218302f11042b8dd",
                "sha256:9742a8bbcd2a9514fd0052814306e8227d55b5de62ece69ea4e7e6b7597f147f"
            ],
            "markers": "python_version >= '3.6'",
            "version": "==1.86.0"
        },
        "aws-cdk.aws-cloudfront-origins": {
            "hashes": [
                "sha256:3855ec5b8152f964f99532503247346d5c143531e7c6f2b3c87adf3a62bfd07c",
                "sha256:60de2566f1421b3aead64ded8247483685fc59ea615c020d751ac574d0fc124b"
            ],
            "index": "pypi",
            "version": "==1.86.0"
        },
        "aws-cdk.aws-cloudwatch": {
            "hashes": [
                "sha256:0480bb9d9547703916b90b9bff413d11180d711bb8d06d293b3aabfe994a0614",
                "sha256:3454adedf5c5672885b833a227744066d42ce1e0975361707b45101424697025"
            ],
            "markers": "python_version >= '3.6'",
            "version": "==1.86.0"
        },
        "aws-cdk.aws-codebuild": {
            "hashes": [
                "sha256:62e3799f6996f32c063ab7ecd04c8927ff07382ccd2b13627a7c01009b8a36a6",
                "sha256:82654c3738bdd155a04497152f83c3c08f7e367f2c2c3757d322ad638c5724ba"
            ],
            "markers": "python_version >= '3.6'",
            "version": "==1.86.0"
        },
        "aws-cdk.aws-codecommit": {
            "hashes": [
                "sha256:6120faff6bfcdbb0aa2de1d475a5d73aeaa0ed1e8556c88f8d2245c84a02b7f2",
                "sha256:ef3bf9f4721037efeeab81594e1105ae91dc6bf8091f48a97fc61dda09703309"
            ],
            "markers": "python_version >= '3.6'",
            "version": "==1.86.0"
        },
        "aws-cdk.aws-codeguruprofiler": {
            "hashes": [
                "sha256:65803c9a16dfe3f31535c5f8df3b42a8c8b6b408edeab8e6c63371703780b445",
                "sha256:a75e143a23df486604d1dd4d1a8cc86d21c53b80c04735b63011bf9772a249b2"
            ],
            "markers": "python_version >= '3.6'",
            "version": "==1.86.0"
        },
        "aws-cdk.aws-codepipeline": {
            "hashes": [
                "sha256:92945593e5ded659344d9a404326f570d8358471edba437b8611555933967dc8",
                "sha256:ba1ed18fc58962294b0a96629f0d7716d2e10d4af1e978af6f695d80762103d9"
            ],
            "markers": "python_version >= '3.6'",
            "version": "==1.86.0"
        },
        "aws-cdk.aws-cognito": {
            "hashes": [
                "sha256:4cab87aeb2f3c81df830f56e34f21a584fcb140005537b874a2f6a3c5b7f4c7a",
                "sha256:6b8ad9332f91302df0b2d846b54ca570779a5faf98aa4b5c366266d7b4ea96be"
            ],
            "markers": "python_version >= '3.6'",
            "version": "==1.86.0"
        },
        "aws-cdk.aws-dynamodb": {
            "hashes": [
                "sha256:ac69caa454e5e11958f1f7e4251397e3bd929b6883ed02f8e7e5224066468a73",
                "sha256:d599058bb2a87bc5ae79ae5d0f83283d562fe7a9c0f5518e910a2bcdecabec9b"
            ],
            "markers": "python_version >= '3.6'",
            "version": "==1.86.0"
        },
        "aws-cdk.aws-ec2": {
            "hashes": [
                "sha256:00f1616fed70e1091f2e75d0475efc4b1f011d2f3a135c3e764d2284d106c79c",
                "sha256:7377a17c5608b8e436fb5cbb1799443f0a46aa1c514e8420368c17dc11da7e55"
            ],
            "index": "pypi",
            "version": "==1.86.0"
        },
        "aws-cdk.aws-ecr": {
            "hashes": [
                "sha256:5bc77dcfb077cfb5893c4162b80234ff30e4f5f64ab701db567712081774c1c2",
                "sha256:7dbcf5201d2e2803eea398a8f5bdc98e7a16ebb1bcc3bb27f9fdd1735e285d6f"
            ],
            "index": "pypi",
            "version": "==1.86.0"
        },
        "aws-cdk.aws-ecr-assets": {
            "hashes": [
                "sha256:1ce2d5753a82b78852a6ea3097fd0e9e68e365979871a683846849500f0f9b59",
                "sha256:8ae72cac994fabbc5314cc78ce31a19c104fe2e36dc15d468d573236e4ce9a43"
            ],
            "markers": "python_version >= '3.6'",
            "version": "==1.86.0"
        },
        "aws-cdk.aws-ecs": {
            "hashes": [
                "sha256:47eb2da3c7912803a1903c57bf6225b22f73ac02096de737d0258d30a1556fd0",
                "sha256:5873587eb2212b3cfc0d2340680f673b4fa38f6ae96964e4a406141236f6f0bf"
            ],
            "markers": "python_version >= '3.6'",
            "version": "==1.86.0"
        },
        "aws-cdk.aws-efs": {
            "hashes": [
                "sha256:10f89572b9d571ad0545df9b6470217379954ade0fa22c3a9a4ac582fae51b97",
                "sha256:298c6a3327a164b5ef042a21ac8c91a77774a683fc42f03a3f0759f66aeb46fe"
            ],
            "markers": "python_version >= '3.6'",
            "version": "==1.86.0"
        },
        "aws-cdk.aws-elasticloadbalancing": {
            "hashes": [
                "sha256:09c8ecabb6bda4c3bd3e4b347f6c2f424c16746a93f93e3f78597249bd0dce3d",
                "sha256:c5ca08ed10cdc28af40ebe28c8aa0f2efb41c16cb62abbea7a422855f68e37fd"
            ],
            "markers": "python_version >= '3.6'",
            "version": "==1.86.0"
        },
        "aws-cdk.aws-elasticloadbalancingv2": {
            "hashes": [
                "sha256:1aa1e23a427ba23c100725ad078df8df0a9f6ee04a3b00dbb65e32f20555fe34",
                "sha256:8833c8bd9b21164aebe19f9eb215ba525f2353d22503cc3c7ea23adec4de5949"
            ],
            "markers": "python_version >= '3.6'",
            "version": "==1.86.0"
        },
        "aws-cdk.aws-events": {
            "hashes": [
                "sha256:77f1a73c632aefe4dd5a2631326241a0d40aa7e715987754ee6d2905239008b1",
                "sha256:8f1a71cf355c20a4a49f8ef24e318c1e4834197f4c76c14f2b765f3be557b458"
            ],
            "markers": "python_version >= '3.6'",
            "version": "==1.86.0"
        },
        "aws-cdk.aws-glue": {
            "hashes": [
                "sha256:5a580782eac7ba3ba5455dff61e717fe0613e1c2c30d065d8657289e6243f167",
                "sha256:a8801a6c687a92075e1186fbf38a13638463fab27e761ead434ca8eed5ed6b0a"
            ],
            "index": "pypi",
            "version": "==1.86.0"
        },
        "aws-cdk.aws-iam": {
            "hashes": [
                "sha256:cc4431f6162426aca301d2651818e6acd077e2ebec1aaabb431cc4f8b5aad948",
                "sha256:f9901a19a6e1a0e205372501bd4f24d29d6f78592e137215548e0aa70ef76480"
            ],
            "markers": "python_version >= '3.6'",
            "version": "==1.86.0"
        },
        "aws-cdk.aws-kinesis": {
            "hashes": [
                "sha256:14159d25b2dce78abbdc074e8dcf11ae3ee75ded47439907dde2dde2e694f9a5",
                "sha256:eb776cf3d76e8e0df1cbc9024944bf93530b922cbfe536e8d1f6f951e5eafd3f"
            ],
            "markers": "python_version >= '3.6'",
            "version": "==1.86.0"
        },
        "aws-cdk.aws-kinesisfirehose": {
            "hashes": [
                "sha256:aca79fd75d9f99083b6785a709ca3b4a4f019ffe21a8e30b5e9c487fe0d9a80a",
                "sha256:ace1295f156d49f5595d1367c613be6dbdff025438f9d95f164252e346931746"
            ],
            "markers": "python_version >= '3.6'",
            "version": "==1.86.0"
        },
        "aws-cdk.aws-kms": {
            "hashes": [
                "sha256:36c2fc21ece43e68de752634cf7408ff63d96273fb6ff47b83cb6917b89002b5",
                "sha256:62a9a4fc2eb30219da523b68e5694a674d462da072e76f6ea01e8f1ade097aa9"
            ],
            "markers": "python_version >= '3.6'",
            "version": "==1.86.0"
        },
        "aws-cdk.aws-lambda": {
            "hashes": [
                "sha256:526938c7193073bbd2230b7ea038284146c9fb8abcccae7500ea4a5a55622109",
                "sha256:5ababf0a24e07656701c729ed26f16779180e884e0023b0ad666cb7f0e06e702"
            ],
            "index": "pypi",
            "markers": "python_version >= '3.6'",
            "version": "==1.86.0"
        },
        "aws-cdk.aws-logs": {
            "hashes": [
                "sha256:79c62057e050e2778a24031672ae4155ddd2251de982d649231d79655ca90d1e",
                "sha256:f9c9b0bde54ee05e2b9ee751a27fd7d2851d1ba09080df531f1c7d7b56c5fbb4"
            ],
            "markers": "python_version >= '3.6'",
            "version": "==1.86.0"
        },
        "aws-cdk.aws-route53": {
            "hashes": [
                "sha256:1c061d5c71a67705f6368967d7533c881157640c218a81a75eff60b1df7d47c5",
                "sha256:301d816ee479a0de0496e310110596cd02ffde40efb9da76302b36bddefba3e2"
            ],
            "markers": "python_version >= '3.6'",
            "version": "==1.86.0"
        },
        "aws-cdk.aws-route53-targets": {
            "hashes": [
                "sha256:03584124890f1b547340619d30acd034ef1fbfde7ebfff1db1a3f6dbf28de88d",
                "sha256:d882ec7941d7beade06743213c45cbc30e915a52d725e42d2ce678b9eb68dcff"
            ],
            "markers": "python_version >= '3.6'",
            "version": "==1.86.0"
        },
        "aws-cdk.aws-s3": {
            "hashes": [
                "sha256:8c752398bf500458a73bceb034c37072b10d4e31a9805ab856dd1ff6ae10f8a7",
                "sha256:ba1c609e7a6657dbc043bdd59ad292bec14ff6956a1c32e3263fb9af348e48c6"
            ],
            "markers": "python_version >= '3.6'",
            "version": "==1.86.0"
        },
        "aws-cdk.aws-s3-assets": {
            "hashes": [
                "sha256:620fa003b13c1042e9420846bd2dd1eb42a201196183ab43ae338c0462592393",
                "sha256:aa8333a880cf126b7bd980ae27ff82701c81c05441828eb8eec274c2e3c4f55e"
            ],
            "markers": "python_version >= '3.6'",
            "version": "==1.86.0"
        },
        "aws-cdk.aws-s3-deployment": {
            "hashes": [
                "sha256:13905b1ee1e0ffd2a3601c68f4cef0f6a1fae3c637ba1d2e1ca3888ba2b1e26d",
                "sha256:3353b6b8dd151d8395da016036554ace90a5967fb0791142a0686cdb2b252d15"
            ],
            "index": "pypi",
            "version": "==1.86.0"
        },
        "aws-cdk.aws-sam": {
            "hashes": [
                "sha256:280553ce64949ed89a2dc1fcda6624dd10c568e33e09859a5fd001ac8982fd76",
                "sha256:a954cf92b528aa44b59538376ff7cb83bf66d8ba88a189573b754f1a3cb58055"
            ],
            "markers": "python_version >= '3.6'",
            "version": "==1.86.0"
        },
        "aws-cdk.aws-secretsmanager": {
            "hashes": [
                "sha256:657a188b8d9cf5c6b7804a695c6c4261c369649c5b38e77ef811948d4add2488",
                "sha256:d069cab3ecb406fc606d3814bd4669270317ab3a2916389d60621ec16a7d4668"
            ],
            "markers": "python_version >= '3.6'",
            "version": "==1.86.0"
        },
        "aws-cdk.aws-servicediscovery": {
            "hashes": [
                "sha256:59c9a0412e8c0ba172de49212ecda1da945a0a912454fc23593eadb6cf1b202d",
                "sha256:9df7fdb1d21a234bd085c20b9181ee0943b7cab41f281c956b02f0b0ede9ba68"
            ],
            "markers": "python_version >= '3.6'",
            "version": "==1.86.0"
        },
        "aws-cdk.aws-sns": {
            "hashes": [
                "sha256:0d90253d5f6013542c4fafb9070ccfc1076a37a6b0d94feed8775d7614f4df2c",
                "sha256:ee64f9aade8918bc4a9c77efaa419a0cf2f7fdb97852b94424e2361b9f5d8dd5"
            ],
            "markers": "python_version >= '3.6'",
            "version": "==1.86.0"
        },
        "aws-cdk.aws-sns-subscriptions": {
            "hashes": [
                "sha256:70afc5216e3fe8fe874e56dd149db6831690333aeb5d38d0715cb87012ad418e",
                "sha256:a3a1e9e9fcd7d79d132841b3ed099d9e3108cef06eb42244d828c28a8ee4c804"
            ],
            "markers": "python_version >= '3.6'",
            "version": "==1.86.0"
        },
        "aws-cdk.aws-sqs": {
            "hashes": [
                "sha256:54b070207477dfdb63d10192aa211d6c32a91de973f32ec8a0c9a2e7f5e73a5b",
                "sha256:64cc3f242a3105f70b95561b4925eb952bee11d5fe838263c1776a1f4249bbae"
            ],
            "markers": "python_version >= '3.6'",
            "version": "==1.86.0"
        },
        "aws-cdk.aws-ssm": {
            "hashes": [
                "sha256:1edb99244ee70215bcf048186115bd0de265dbb12c48a7b3ae69004bf0ef4912",
                "sha256:2976ddc25c674d30da3009254dc5f48cd56ef74aa33e5b0a55bcb77466dfb3a5"
            ],
            "markers": "python_version >= '3.6'",
            "version": "==1.86.0"
        },
        "aws-cdk.aws-stepfunctions": {
            "hashes": [
                "sha256:280a43513f7507a1166ae1878cadb5d1435f3dbde03e42bc92c164409756d43e",
                "sha256:36c3d32e80780be5b619887371e4028e57ac7f1a14df33bdda91481659e0d7bf"
            ],
            "index": "pypi",
            "markers": "python_version >= '3.6'",
            "version": "==1.86.0"
        },
        "aws-cdk.aws-wafv2": {
            "hashes": [
                "sha256:1c99f671d79d73a77b578df18293cafc75cafe49bd9b38e13c8f1976fb757595",
                "sha256:dd50f7ecca4f0b66d3573c76b8e1a1bd2f1c3715e1f3164ffdae4adf6f6e50e8"
            ],
            "index": "pypi",
            "version": "==1.86.0"
        },
        "aws-cdk.cloud-assembly-schema": {
            "hashes": [
                "sha256:e4bd79b6cc421a53fe19a5f78a4012449458afcc6665efd2ee1c112fe9c273b6",
                "sha256:f0a6eb06dac7b52228e4e9272c040f26781a10ba792d6835e33c2ddb48273cc6"
            ],
            "markers": "python_version >= '3.6'",
            "version": "==1.86.0"
        },
        "aws-cdk.core": {
            "hashes": [
                "sha256:975839fef43d1ecd3324e839b3c05f6ff838d8b7872a85c39bf9b50592c4bb3b",
                "sha256:d27d69f132d2082cefa17f36810d22576d71511c4ca9801b98a430217832e7ee"
            ],
            "index": "pypi",
            "markers": "python_version >= '3.6'",
            "version": "==1.86.0"
        },
        "aws-cdk.custom-resources": {
            "hashes": [
                "sha256:9c75024d3b4d35a3189842e89bfc6309ffeaee30455942d9145d9a1a7260f0ac",
                "sha256:9e0c7199d2b9ee1d506054f945d1dd162319ed3c4149b5ea60b838a3678543ac"
            ],
            "markers": "python_version >= '3.6'",
            "version": "==1.86.0"
        },
        "aws-cdk.cx-api": {
            "hashes": [
                "sha256:2203f53303e22a9ec8762223d163b0ca86170afbbefcf9428ecf58c8db2ab114",
                "sha256:9f6580d1539cc5466af7517359abbb923581bd6a154e25a708454c36d3e1c6b0"
            ],
            "markers": "python_version >= '3.6'",
            "version": "==1.86.0"
        },
        "aws-cdk.lambda-layer-awscli": {
            "hashes": [
                "sha256:5dc71b70f329e7bd4dca8a864161e5b91cce35acd53b5bbde9befc6e493613f0",
                "sha256:f507827d896d15b683723e163ec6403c00dc99baa2364f6361ef5c736e336f48"
            ],
            "markers": "python_version >= '3.6'",
            "version": "==1.86.0"
        },
        "aws-cdk.region-info": {
            "hashes": [
                "sha256:0e963a70dbdc619eb931eff5a869f1fabc4ed70dbf44da8cc9a94b1593ba2170",
                "sha256:6ccadfbd663e3c591590a2e029aad7bc3d5ca89dd7f485f02c79d0aeb201124a"
            ],
            "markers": "python_version >= '3.6'",
            "version": "==1.86.0"
        },
        "boto3": {
            "hashes": [
                "sha256:2b2cbc86aa0093775300e554927669de815c2b8cce1bce2c1975fe1750cd359a",
                "sha256:33e830af6222ecde2a50a1abe2b191f5543f3694b9b97dfeeb2ceda3843a116b"
            ],
            "index": "pypi",
            "version": "==1.16.58"
        },
        "botocore": {
            "hashes": [
                "sha256:ac79e44c79158ad3fdc3afe205ed29460f6d80765cabdde469e13ca62c65f19c",
                "sha256:f17a6ba3922e029858e0b82cbd07c20dc8025be6d5c27df793ae1fe3736a8708"
            ],
            "version": "==1.19.58"
        },
        "cattrs": {
            "hashes": [
                "sha256:967ce8f99b79f112a500fc03d02c4da669966055ea190b0c59a023af0ae33e5f",
                "sha256:a5873cd4745a74388557730247b4bb005d762f8aba0ab7aa55bcbd190bdf3322"
            ],
            "markers": "python_version >= '3.7'",
            "version": "==1.1.2"
        },
        "constructs": {
            "hashes": [
                "sha256:03fe8378939c0592499fae73f4e7fa51bfbe1608e583efa6afa66720e35f6ba0",
                "sha256:7769030eef8977d0db815edd26a3adb420798209047e61a901b59a9af0abc2e9"
            ],
            "markers": "python_version >= '3.6'",
            "version": "==3.2.113"
        },
        "diagrams": {
            "hashes": [
                "sha256:6f583c31cdbfec46ea12a0835ef1cc25a6d35d196a651a682f479dc53a04b12e",
                "sha256:c4f0e070f4f68666b6de3c892339991089168fb2956c4900465123e522847b6a"
            ],
            "index": "pypi",
            "version": "==0.18.0"
        },
        "graphviz": {
            "hashes": [
                "sha256:241fb099e32b8e8c2acca747211c8237e40c0b89f24b1622860075d59f4c4b25",
                "sha256:60acbeee346e8c14555821eab57dbf68a169e6c10bce40e83c1bf44f63a62a01"
            ],
            "markers": "python_version >= '2.7' and python_version not in '3.0, 3.1, 3.2, 3.3, 3.4'",
            "version": "==0.13.2"
        },
        "jinja2": {
            "hashes": [
                "sha256:89aab215427ef59c34ad58735269eb58b1a5808103067f7bb9d5836c651b3bb0",
                "sha256:f0a4641d3cf955324a89c04f3d94663aa4d638abe8f733ecd3582848e1c37035"
            ],
            "markers": "python_version >= '2.7' and python_version not in '3.0, 3.1, 3.2, 3.3, 3.4'",
            "version": "==2.11.2"
        },
        "jmespath": {
            "hashes": [
                "sha256:b85d0567b8666149a93172712e68920734333c0ce7e89b78b3e987f71e5ed4f9",
                "sha256:cdf6525904cc597730141d61b36f2e4b8ecc257c420fa2f4549bac2c2d0cb72f"
            ],
            "markers": "python_version >= '2.6' and python_version not in '3.0, 3.1, 3.2, 3.3'",
            "version": "==0.10.0"
        },
        "jsii": {
            "hashes": [
                "sha256:635fa13f4b830068ec87cec8f5b927178255402f9cac97be31faa0146e279be0",
                "sha256:c8edad903bad63b4f338c88c5afb4bf31a7668bc08916dabff37c2780551fd6c"
            ],
            "markers": "python_version ~= '3.6'",
            "version": "==1.17.1"
        },
        "markupsafe": {
            "hashes": [
                "sha256:00bc623926325b26bb9605ae9eae8a215691f33cae5df11ca5424f06f2d1f473",
                "sha256:09027a7803a62ca78792ad89403b1b7a73a01c8cb65909cd876f7fcebd79b161",
                "sha256:09c4b7f37d6c648cb13f9230d847adf22f8171b1ccc4d5682398e77f40309235",
                "sha256:1027c282dad077d0bae18be6794e6b6b8c91d58ed8a8d89a89d59693b9131db5",
                "sha256:13d3144e1e340870b25e7b10b98d779608c02016d5184cfb9927a9f10c689f42",
                "sha256:24982cc2533820871eba85ba648cd53d8623687ff11cbb805be4ff7b4c971aff",
                "sha256:29872e92839765e546828bb7754a68c418d927cd064fd4708fab9fe9c8bb116b",
                "sha256:43a55c2930bbc139570ac2452adf3d70cdbb3cfe5912c71cdce1c2c6bbd9c5d1",
                "sha256:46c99d2de99945ec5cb54f23c8cd5689f6d7177305ebff350a58ce5f8de1669e",
                "sha256:500d4957e52ddc3351cabf489e79c91c17f6e0899158447047588650b5e69183",
                "sha256:535f6fc4d397c1563d08b88e485c3496cf5784e927af890fb3c3aac7f933ec66",
                "sha256:596510de112c685489095da617b5bcbbac7dd6384aeebeda4df6025d0256a81b",
                "sha256:62fe6c95e3ec8a7fad637b7f3d372c15ec1caa01ab47926cfdf7a75b40e0eac1",
                "sha256:6788b695d50a51edb699cb55e35487e430fa21f1ed838122d722e0ff0ac5ba15",
                "sha256:6dd73240d2af64df90aa7c4e7481e23825ea70af4b4922f8ede5b9e35f78a3b1",
                "sha256:717ba8fe3ae9cc0006d7c451f0bb265ee07739daf76355d06366154ee68d221e",
                "sha256:79855e1c5b8da654cf486b830bd42c06e8780cea587384cf6545b7d9ac013a0b",
                "sha256:7c1699dfe0cf8ff607dbdcc1e9b9af1755371f92a68f706051cc8c37d447c905",
                "sha256:88e5fcfb52ee7b911e8bb6d6aa2fd21fbecc674eadd44118a9cc3863f938e735",
                "sha256:8defac2f2ccd6805ebf65f5eeb132adcf2ab57aa11fdf4c0dd5169a004710e7d",
                "sha256:98c7086708b163d425c67c7a91bad6e466bb99d797aa64f965e9d25c12111a5e",
                "sha256:9add70b36c5666a2ed02b43b335fe19002ee5235efd4b8a89bfcf9005bebac0d",
                "sha256:9bf40443012702a1d2070043cb6291650a0841ece432556f784f004937f0f32c",
                "sha256:ade5e387d2ad0d7ebf59146cc00c8044acbd863725f887353a10df825fc8ae21",
                "sha256:b00c1de48212e4cc9603895652c5c410df699856a2853135b3967591e4beebc2",
                "sha256:b1282f8c00509d99fef04d8ba936b156d419be841854fe901d8ae224c59f0be5",
                "sha256:b2051432115498d3562c084a49bba65d97cf251f5a331c64a12ee7e04dacc51b",
                "sha256:ba59edeaa2fc6114428f1637ffff42da1e311e29382d81b339c1817d37ec93c6",
                "sha256:c8716a48d94b06bb3b2524c2b77e055fb313aeb4ea620c8dd03a105574ba704f",
                "sha256:cd5df75523866410809ca100dc9681e301e3c27567cf498077e8551b6d20e42f",
                "sha256:cdb132fc825c38e1aeec2c8aa9338310d29d337bebbd7baa06889d09a60a1fa2",
                "sha256:e249096428b3ae81b08327a63a485ad0878de3fb939049038579ac0ef61e17e7",
                "sha256:e8313f01ba26fbbe36c7be1966a7b7424942f670f38e666995b88d012765b9be"
            ],
            "markers": "python_version >= '2.7' and python_version not in '3.0, 3.1, 3.2, 3.3'",
            "version": "==1.1.1"
        },
        "publication": {
            "hashes": [
                "sha256:0248885351febc11d8a1098d5c8e3ab2dabcf3e8c0c96db1e17ecd12b53afbe6",
                "sha256:68416a0de76dddcdd2930d1c8ef853a743cc96c82416c4e4d3b5d901c6276dc4"
            ],
            "version": "==0.0.3"
        },
        "python-dateutil": {
            "hashes": [
                "sha256:73ebfe9dbf22e832286dafa60473e4cd239f8592f699aa5adaf10050e6e1823c",
                "sha256:75bb3f31ea686f1197762692a9ee6a7550b59fc6ca3a1f4b5d7e32fb98e2da2a"
            ],
            "markers": "python_version >= '2.7' and python_version not in '3.0, 3.1, 3.2, 3.3'",
            "version": "==2.8.1"
        },
        "s3transfer": {
            "hashes": [
                "sha256:1e28620e5b444652ed752cf87c7e0cb15b0e578972568c6609f0f18212f259ed",
                "sha256:7fdddb4f22275cf1d32129e21f056337fd2a80b6ccef1664528145b72c49e6d2"
            ],
            "version": "==0.3.4"
        },
        "six": {
            "hashes": [
                "sha256:30639c035cdb23534cd4aa2dd52c3bf48f06e5f4a941509c8bafd8ce11080259",
                "sha256:8b74bedcbbbaca38ff6d7491d76f2b06b3592611af620f8426e82dddb04a5ced"
            ],
            "markers": "python_version >= '2.7' and python_version not in '3.0, 3.1, 3.2, 3.3'",
            "version": "==1.15.0"
        },
        "typing-extensions": {
            "hashes": [
                "sha256:7cb407020f00f7bfc3cb3e7881628838e69d8f3fcab2f64742a5e76b2f841918",
                "sha256:99d4073b617d30288f569d3f13d2bd7548c3a7e4c8de87db09a9d29bb3a4a60c",
                "sha256:dafc7639cde7f1b6e1acc0f457842a83e722ccca8eef5270af2d74792619a89f"
            ],
            "version": "==3.7.4.3"
        },
        "urllib3": {
            "hashes": [
                "sha256:19188f96923873c92ccb987120ec4acaa12f0461fa9ce5d3d0772bc965a39e08",
                "sha256:d8ff90d979214d7b4f8ce956e80f4028fc6860e4431f731ea4a8c08f23f99473"
            ],
            "markers": "python_version != '3.4'",
            "version": "==1.26.2"
        },
        "watchtower": {
            "hashes": [
                "sha256:2859275df4ad71b005b983613dd64cabbda61f9fdd3db7600753fc465090119d",
                "sha256:5eb5d78e730e1016e166b14a79a02d1b939cf1a58f2d559ff4f7c6f953284ebf"
            ],
            "index": "pypi",
            "version": "==1.0.6"
        }
    },
    "develop": {}
}
